hash: 82e52bca40a14b171e928b38c98678210ddd4904ca9639e63afe051c4924d39b
updated: 2017-07-14T18:19:04.691502256-04:00
imports:
- name: github.com/cloudfoundry-community/go-cfenv
  version: f920e9562d5f951cbf11785728f67258c38a10d0
- name: github.com/mitchellh/mapstructure
  version: d0303fe809921458f417bcf828397a65db30a7e4
- name: golang.org/x/net
  version: f01ecb60fe3835d80d9a0b7b2bf24b228c89260e
  subpackages:
  - context
  - context/ctxhttp
- name: gopkg.in/olivere/elastic.v3
  version: 5a75b7d18bca7420e68338600e8c9f611435f911
  subpackages:
  - backoff
  - uritemplates
testImports: []
