hash: 58bcd47b7b1fb21cabfd823746a6b5f7e093a6491bf4338b24e09bca70ee8f6e
updated: 2016-08-29T19:23:53.655169671-04:00
imports:
- name: github.com/cloudfoundry-community/go-cfenv
  version: 96ad7376813bfd13c95af69ca5b4ef5725f6b335
- name: github.com/garyburd/redigo
  version: 8873b2f1995f59d4bcdd2b0dc9858e2cb9bf0c13
  subpackages:
  - redis
  - internal
- name: github.com/mitchellh/mapstructure
  version: ca63d7c062ee3c9f34db231e352b60012b4fd0c1
testImports: []
