hash: 2dd408a5a6176ab3f127531c15c13e387ace41a8623c9249276a0db4208308e6
updated: 2017-07-14T19:20:45.6554319-04:00
imports:
- name: github.com/cloudfoundry-community/go-cfenv
  version: f920e9562d5f951cbf11785728f67258c38a10d0
- name: github.com/garyburd/redigo
  version: 433969511232c397de61b1442f9fd49ec06ae9ba
  subpackages:
  - internal
  - redis
- name: github.com/mitchellh/mapstructure
  version: d0303fe809921458f417bcf828397a65db30a7e4
testImports: []
